
Microsoft Visual Studio Solution File, Format Version 12.00
# Visual Studio Version 17
Project("{8BC9CEB8-8B4A-11D0-8D11-00A0C91BC942}") = "ALL_BUILD", "ALL_BUILD.vcxproj", "{578E83CD-1738-3F18-B912-4962A84836A2}"
	ProjectSection(ProjectDependencies) = postProject
		{D83CCA72-B844-3810-B45B-4EB899CE2039} = {D83CCA72-B844-3810-B45B-4EB899CE2039}
		{A6B6F4AC-0F77-3B03-A97D-4A5F6CA89656} = {A6B6F4AC-0F77-3B03-A97D-4A5F6CA89656}
		{24156A02-0161-3860-B645-1739E1AFAC71} = {24156A02-0161-3860-B645-1739E1AFAC71}
		{3F8F0602-5DBE-3BF6-BEAD-9611CC8861D7} = {3F8F0602-5DBE-3BF6-BEAD-9611CC8861D7}
		{E6001CBB-B765-359C-8EB8-551176828E60} = {E6001CBB-B765-359C-8EB8-551176828E60}
	EndProjectSection
EndProject
Project("{8BC9CEB8-8B4A-11D0-8D11-00A0C91BC942}") = "INSTALL", "INSTALL.vcxproj", "{C8FC4FF4-FBAF-3ADE-A2CD-A6C65DCF07A6}"
	ProjectSection(ProjectDependencies) = postProject
		{578E83CD-1738-3F18-B912-4962A84836A2} = {578E83CD-1738-3F18-B912-4962A84836A2}
		{D83CCA72-B844-3810-B45B-4EB899CE2039} = {D83CCA72-B844-3810-B45B-4EB899CE2039}
	EndProjectSection
EndProject
Project("{8BC9CEB8-8B4A-11D0-8D11-00A0C91BC942}") = "ZERO_CHECK", "..\..\\ZERO_CHECK.vcxproj", "{D83CCA72-B844-3810-B45B-4EB899CE2039}"
	ProjectSection(ProjectDependencies) = postProject
	EndProjectSection
EndProject
Project("{8BC9CEB8-8B4A-11D0-8D11-00A0C91BC942}") = "uninstall", "uninstall.vcxproj", "{118A9D13-3D87-33D4-8385-9D40AA199A2F}"
	ProjectSection(ProjectDependencies) = postProject
		{D83CCA72-B844-3810-B45B-4EB899CE2039} = {D83CCA72-B844-3810-B45B-4EB899CE2039}
	EndProjectSection
EndProject
Project("{8BC9CEB8-8B4A-11D0-8D11-00A0C91BC942}") = "yaml-cpp", "yaml-cpp.vcxproj", "{A6B6F4AC-0F77-3B03-A97D-4A5F6CA89656}"
	ProjectSection(ProjectDependencies) = postProject
		{D83CCA72-B844-3810-B45B-4EB899CE2039} = {D83CCA72-B844-3810-B45B-4EB899CE2039}
	EndProjectSection
EndProject
Project("{8BC9CEB8-8B4A-11D0-8D11-00A0C91BC942}") = "yaml-cpp-parse", "util\yaml-cpp-parse.vcxproj", "{24156A02-0161-3860-B645-1739E1AFAC71}"
	ProjectSection(ProjectDependencies) = postProject
		{D83CCA72-B844-3810-B45B-4EB899CE2039} = {D83CCA72-B844-3810-B45B-4EB899CE2039}
		{A6B6F4AC-0F77-3B03-A97D-4A5F6CA89656} = {A6B6F4AC-0F77-3B03-A97D-4A5F6CA89656}
	EndProjectSection
EndProject
Project("{8BC9CEB8-8B4A-11D0-8D11-00A0C91BC942}") = "yaml-cpp-read", "util\yaml-cpp-read.vcxproj", "{3F8F0602-5DBE-3BF6-BEAD-9611CC8861D7}"
	ProjectSection(ProjectDependencies) = postProject
		{D83CCA72-B844-3810-B45B-4EB899CE2039} = {D83CCA72-B844-3810-B45B-4EB899CE2039}
		{A6B6F4AC-0F77-3B03-A97D-4A5F6CA89656} = {A6B6F4AC-0F77-3B03-A97D-4A5F6CA89656}
	EndProjectSection
EndProject
Project("{8BC9CEB8-8B4A-11D0-8D11-00A0C91BC942}") = "yaml-cpp-sandbox", "util\yaml-cpp-sandbox.vcxproj", "{E6001CBB-B765-359C-8EB8-551176828E60}"
	ProjectSection(ProjectDependencies) = postProject
		{D83CCA72-B844-3810-B45B-4EB899CE2039} = {D83CCA72-B844-3810-B45B-4EB899CE2039}
		{A6B6F4AC-0F77-3B03-A97D-4A5F6CA89656} = {A6B6F4AC-0F77-3B03-A97D-4A5F6CA89656}
	EndProjectSection
EndProject
Global
	GlobalSection(SolutionConfigurationPlatforms) = preSolution
		Debug|x64 = Debug|x64
		Release|x64 = Release|x64
		MinSizeRel|x64 = MinSizeRel|x64
		RelWithDebInfo|x64 = RelWithDebInfo|x64
	EndGlobalSection
	GlobalSection(ProjectConfigurationPlatforms) = postSolution
		{578E83CD-1738-3F18-B912-4962A84836A2}.Debug|x64.ActiveCfg = Debug|x64
		{578E83CD-1738-3F18-B912-4962A84836A2}.Debug|x64.Build.0 = Debug|x64
		{578E83CD-1738-3F18-B912-4962A84836A2}.Release|x64.ActiveCfg = Release|x64
		{578E83CD-1738-3F18-B912-4962A84836A2}.Release|x64.Build.0 = Release|x64
		{578E83CD-1738-3F18-B912-4962A84836A2}.MinSizeRel|x64.ActiveCfg = MinSizeRel|x64
		{578E83CD-1738-3F18-B912-4962A84836A2}.MinSizeRel|x64.Build.0 = MinSizeRel|x64
		{578E83CD-1738-3F18-B912-4962A84836A2}.RelWithDebInfo|x64.ActiveCfg = RelWithDebInfo|x64
		{578E83CD-1738-3F18-B912-4962A84836A2}.RelWithDebInfo|x64.Build.0 = RelWithDebInfo|x64
		{C8FC4FF4-FBAF-3ADE-A2CD-A6C65DCF07A6}.Debug|x64.ActiveCfg = Debug|x64
		{C8FC4FF4-FBAF-3ADE-A2CD-A6C65DCF07A6}.Release|x64.ActiveCfg = Release|x64
		{C8FC4FF4-FBAF-3ADE-A2CD-A6C65DCF07A6}.MinSizeRel|x64.ActiveCfg = MinSizeRel|x64
		{C8FC4FF4-FBAF-3ADE-A2CD-A6C65DCF07A6}.RelWithDebInfo|x64.ActiveCfg = RelWithDebInfo|x64
		{D83CCA72-B844-3810-B45B-4EB899CE2039}.Debug|x64.ActiveCfg = Debug|x64
		{D83CCA72-B844-3810-B45B-4EB899CE2039}.Debug|x64.Build.0 = Debug|x64
		{D83CCA72-B844-3810-B45B-4EB899CE2039}.Release|x64.ActiveCfg = Release|x64
		{D83CCA72-B844-3810-B45B-4EB899CE2039}.Release|x64.Build.0 = Release|x64
		{D83CCA72-B844-3810-B45B-4EB899CE2039}.MinSizeRel|x64.ActiveCfg = MinSizeRel|x64
		{D83CCA72-B844-3810-B45B-4EB899CE2039}.MinSizeRel|x64.Build.0 = MinSizeRel|x64
		{D83CCA72-B844-3810-B45B-4EB899CE2039}.RelWithDebInfo|x64.ActiveCfg = RelWithDebInfo|x64
		{D83CCA72-B844-3810-B45B-4EB899CE2039}.RelWithDebInfo|x64.Build.0 = RelWithDebInfo|x64
		{118A9D13-3D87-33D4-8385-9D40AA199A2F}.Debug|x64.ActiveCfg = Debug|x64
		{118A9D13-3D87-33D4-8385-9D40AA199A2F}.Release|x64.ActiveCfg = Release|x64
		{118A9D13-3D87-33D4-8385-9D40AA199A2F}.MinSizeRel|x64.ActiveCfg = MinSizeRel|x64
		{118A9D13-3D87-33D4-8385-9D40AA199A2F}.RelWithDebInfo|x64.ActiveCfg = RelWithDebInfo|x64
		{A6B6F4AC-0F77-3B03-A97D-4A5F6CA89656}.Debug|x64.ActiveCfg = Debug|x64
		{A6B6F4AC-0F77-3B03-A97D-4A5F6CA89656}.Debug|x64.Build.0 = Debug|x64
		{A6B6F4AC-0F77-3B03-A97D-4A5F6CA89656}.Release|x64.ActiveCfg = Release|x64
		{A6B6F4AC-0F77-3B03-A97D-4A5F6CA89656}.Release|x64.Build.0 = Release|x64
		{A6B6F4AC-0F77-3B03-A97D-4A5F6CA89656}.MinSizeRel|x64.ActiveCfg = MinSizeRel|x64
		{A6B6F4AC-0F77-3B03-A97D-4A5F6CA89656}.MinSizeRel|x64.Build.0 = MinSizeRel|x64
		{A6B6F4AC-0F77-3B03-A97D-4A5F6CA89656}.RelWithDebInfo|x64.ActiveCfg = RelWithDebInfo|x64
		{A6B6F4AC-0F77-3B03-A97D-4A5F6CA89656}.RelWithDebInfo|x64.Build.0 = RelWithDebInfo|x64
		{24156A02-0161-3860-B645-1739E1AFAC71}.Debug|x64.ActiveCfg = Debug|x64
		{24156A02-0161-3860-B645-1739E1AFAC71}.Debug|x64.Build.0 = Debug|x64
		{24156A02-0161-3860-B645-1739E1AFAC71}.Release|x64.ActiveCfg = Release|x64
		{24156A02-0161-3860-B645-1739E1AFAC71}.Release|x64.Build.0 = Release|x64
		{24156A02-0161-3860-B645-1739E1AFAC71}.MinSizeRel|x64.ActiveCfg = MinSizeRel|x64
		{24156A02-0161-3860-B645-1739E1AFAC71}.MinSizeRel|x64.Build.0 = MinSizeRel|x64
		{24156A02-0161-3860-B645-1739E1AFAC71}.RelWithDebInfo|x64.ActiveCfg = RelWithDebInfo|x64
		{24156A02-0161-3860-B645-1739E1AFAC71}.RelWithDebInfo|x64.Build.0 = RelWithDebInfo|x64
		{3F8F0602-5DBE-3BF6-BEAD-9611CC8861D7}.Debug|x64.ActiveCfg = Debug|x64
		{3F8F0602-5DBE-3BF6-BEAD-9611CC8861D7}.Debug|x64.Build.0 = Debug|x64
		{3F8F0602-5DBE-3BF6-BEAD-9611CC8861D7}.Release|x64.ActiveCfg = Release|x64
		{3F8F0602-5DBE-3BF6-BEAD-9611CC8861D7}.Release|x64.Build.0 = Release|x64
		{3F8F0602-5DBE-3BF6-BEAD-9611CC8861D7}.MinSizeRel|x64.ActiveCfg = MinSizeRel|x64
		{3F8F0602-5DBE-3BF6-BEAD-9611CC8861D7}.MinSizeRel|x64.Build.0 = MinSizeRel|x64
		{3F8F0602-5DBE-3BF6-BEAD-9611CC8861D7}.RelWithDebInfo|x64.ActiveCfg = RelWithDebInfo|x64
		{3F8F0602-5DBE-3BF6-BEAD-9611CC8861D7}.RelWithDebInfo|x64.Build.0 = RelWithDebInfo|x64
		{E6001CBB-B765-359C-8EB8-551176828E60}.Debug|x64.ActiveCfg = Debug|x64
		{E6001CBB-B765-359C-8EB8-551176828E60}.Debug|x64.Build.0 = Debug|x64
		{E6001CBB-B765-359C-8EB8-551176828E60}.Release|x64.ActiveCfg = Release|x64
		{E6001CBB-B765-359C-8EB8-551176828E60}.Release|x64.Build.0 = Release|x64
		{E6001CBB-B765-359C-8EB8-551176828E60}.MinSizeRel|x64.ActiveCfg = MinSizeRel|x64
		{E6001CBB-B765-359C-8EB8-551176828E60}.MinSizeRel|x64.Build.0 = MinSizeRel|x64
		{E6001CBB-B765-359C-8EB8-551176828E60}.RelWithDebInfo|x64.ActiveCfg = RelWithDebInfo|x64
		{E6001CBB-B765-359C-8EB8-551176828E60}.RelWithDebInfo|x64.Build.0 = RelWithDebInfo|x64
	EndGlobalSection
	GlobalSection(ExtensibilityGlobals) = postSolution
		SolutionGuid = {1539A9B6-5011-306A-AED3-AEC9289F69A0}
	EndGlobalSection
	GlobalSection(ExtensibilityAddIns) = postSolution
	EndGlobalSection
EndGlobal
