<?xml version="1.0" encoding="utf-8"?>
<Project ToolsVersion="17.0" xmlns="http://schemas.microsoft.com/developer/msbuild/2003">
  <ItemGroup>
    <ClCompile Include="C:\Users\pagliani\source\repos\ComuFrame\tests\LaunchNode.cpp">
      <Filter>Source Files</Filter>
    </ClCompile>
    <ClCompile Include="C:\Users\pagliani\source\repos\ComuFrame\ComuFrame\Node.cpp">
      <Filter>Source Files</Filter>
    </ClCompile>
    <ClCompile Include="C:\Users\pagliani\source\repos\ComuFrame\ComuFrame\utils.cpp">
      <Filter>Source Files</Filter>
    </ClCompile>
    <ClCompile Include="C:\Users\pagliani\source\repos\ComuFrame\ComuFrame\Fsm.cpp">
      <Filter>Source Files</Filter>
    </ClCompile>
  </ItemGroup>
  <ItemGroup>
    <ClInclude Include="C:\Users\pagliani\source\repos\ComuFrame\ComuFrame\Node.h">
      <Filter>Header Files</Filter>
    </ClInclude>
    <ClInclude Include="C:\Users\pagliani\source\repos\ComuFrame\ComuFrame\utils.h">
      <Filter>Header Files</Filter>
    </ClInclude>
    <ClInclude Include="C:\Users\pagliani\source\repos\ComuFrame\ComuFrame\Fsm.h">
      <Filter>Header Files</Filter>
    </ClInclude>
  </ItemGroup>
  <ItemGroup>
    <CustomBuild Include="C:\Users\pagliani\source\repos\ComuFrame\tests\CMakeLists.txt" />
  </ItemGroup>
  <ItemGroup>
    <Filter Include="Header Files">
      <UniqueIdentifier>{F050DDA6-F922-3333-8288-A452FB085C85}</UniqueIdentifier>
    </Filter>
    <Filter Include="Source Files">
      <UniqueIdentifier>{B7E49075-54B4-30AE-91D5-6D677B910CA0}</UniqueIdentifier>
    </Filter>
  </ItemGroup>
</Project>
