<?xml version="1.0" encoding="utf-8"?>
<Project ToolsVersion="17.0" xmlns="http://schemas.microsoft.com/developer/msbuild/2003">
  <ItemGroup>
    <CustomBuild Include="C:\Users\pagliani\source\repos\ComuFrame\Builds\CMakeFiles\9a932c1615ac60662ba07670d629b1e4\generate.stamp.rule">
      <Filter>CMake Rules</Filter>
    </CustomBuild>
  </ItemGroup>
  <ItemGroup>
    <Filter Include="CMake Rules">
      <UniqueIdentifier>{94EC814C-0167-3232-9D8E-E035193677B6}</UniqueIdentifier>
    </Filter>
  </ItemGroup>
</Project>
